
Microsoft Visual Studio Solution File, Format Version 12.00
# Visual Studio Version 16
VisualStudioVersion = 16.0.31729.503
MinimumVisualStudioVersion = 10.0.40219.1
Project("{FAE04EC0-301F-11D3-BF4B-00C04F79EFBC}") = "17503_FILIP_TRAJKOVIC_1_ZADATAK", "17503_FILIP_TRAJKOVIC_1_ZADATAK.csproj", "{91562F6C-CF4C-4769-8F9B-43FF66954D7F}"
EndProject
Global
	GlobalSection(SolutionConfigurationPlatforms) = preSolution
		Debug|Any CPU = Debug|Any CPU
		Release|Any CPU = Release|Any CPU
	EndGlobalSection
	GlobalSection(ProjectConfigurationPlatforms) = postSolution
		{91562F6C-CF4C-4769-8F9B-43FF66954D7F}.Debug|Any CPU.ActiveCfg = Debug|Any CPU
		{91562F6C-CF4C-4769-8F9B-43FF66954D7F}.Debug|Any CPU.Build.0 = Debug|Any CPU
		{91562F6C-CF4C-4769-8F9B-43FF66954D7F}.Release|Any CPU.ActiveCfg = Release|Any CPU
		{91562F6C-CF4C-4769-8F9B-43FF66954D7F}.Release|Any CPU.Build.0 = Release|Any CPU
	EndGlobalSection
	GlobalSection(SolutionProperties) = preSolution
		HideSolutionNode = FALSE
	EndGlobalSection
	GlobalSection(ExtensibilityGlobals) = postSolution
		SolutionGuid = {D35F3E92-9FC7-4F7A-AC1E-9C8A2133E20C}
	EndGlobalSection
EndGlobal
